
Microsoft Visual Studio Solution File, Format Version 12.00
# Visual Studio Version 17
VisualStudioVersion = 17.14.36518.9 d17.14
MinimumVisualStudioVersion = 10.0.40219.1
Project("{FAE04EC0-301F-11D3-BF4B-00C04F79EFBC}") = "InventorDxfExportAddin", "InventorDxfExportAddin\InventorDxfExportAddin.csproj", "{F19429A8-E368-4B87-B98A-F9E43708791A}"
EndProject
Project("{930C7802-8A8C-48F9-8165-68863BCCD9DD}") = "InventorDxfExportAddin.Setup", "InventorDxfExportAddin.Setup\InventorDxfExportAddin.Setup.wixproj", "{C4D5E6F7-A8B9-4C0D-E1F2-3456789ABCDE}"
EndProject
Global
	GlobalSection(SolutionConfigurationPlatforms) = preSolution
		Debug|Any CPU = Debug|Any CPU
		Release|Any CPU = Release|Any CPU
	EndGlobalSection
	GlobalSection(ProjectConfigurationPlatforms) = postSolution
		{F19429A8-E368-4B87-B98A-F9E43708791A}.Debug|Any CPU.ActiveCfg = Debug|Any CPU
		{F19429A8-E368-4B87-B98A-F9E43708791A}.Debug|Any CPU.Build.0 = Debug|Any CPU
		{F19429A8-E368-4B87-B98A-F9E43708791A}.Release|Any CPU.ActiveCfg = Release|Any CPU
		{F19429A8-E368-4B87-B98A-F9E43708791A}.Release|Any CPU.Build.0 = Release|Any CPU
		{C4D5E6F7-A8B9-4C0D-E1F2-3456789ABCDE}.Debug|Any CPU.ActiveCfg = Release|Any CPU
		{C4D5E6F7-A8B9-4C0D-E1F2-3456789ABCDE}.Release|Any CPU.ActiveCfg = Release|Any CPU
		{C4D5E6F7-A8B9-4C0D-E1F2-3456789ABCDE}.Release|Any CPU.Build.0 = Release|Any CPU
	EndGlobalSection
	GlobalSection(SolutionProperties) = preSolution
		HideSolutionNode = FALSE
	EndGlobalSection
	GlobalSection(ExtensibilityGlobals) = postSolution
		SolutionGuid = {490D9CD3-0FBF-4B55-9156-F8C54A621266}
	EndGlobalSection
EndGlobal
